github.com/davecgh/go-spew v1.1.0/go.mod h1:J7Y8YcW2NihsgmVo/mv3lAwl/skON4iLHjSsI+c5H38=
github.com/davecgh/go-spew v1.1.1 h1:vj9j/u1bqnvCEfJOwUhtlOARqs3+rkHYY13jYWTU97c=
github.com/davecgh/go-spew v1.1.1/go.mod h1:J7Y8YcW2NihsgmVo/mv3lAwl/skON4iLHjSsI+c5H38=
github.com/iotaledger/hive.go v0.0.0-20220422070230-888c697ffcb8 h1:MZZvhICV5L31/9bZ8EQKHB1jWUQ4XKcQprUCK+lr4H0=
github.com/iotaledger/hive.go v0.0.0-20220422070230-888c697ffcb8/go.mod h1:YKe8Y/+kiF1oZWnu6p67QEzofFNxNsAMpP6MpcvbnNM=
github.com/linxGnu/grocksdb v1.7.0 h1:UyFDykX0CUfxDN10cqlFho/rwt9K6KoDaLXL9Ej5z9g=
github.com/linxGnu/grocksdb v1.7.0/go.mod h1:JcMMDBFaDNhRXFYcYXmgQwb/RarSld1PulTI7UzE+w0=
github.com/petermattis/goid v0.0.0-20180202154549-b0b1615b78e5 h1:q2e307iGHPdTGp0hoxKjt1H5pDo6utceo3dQVK3I5XQ=
github.com/petermattis/goid v0.0.0-20180202154549-b0b1615b78e5/go.mod h1:jvVRKCrJTQWu0XVbaOlby/2lO20uSCHEMzzplHXte1o=
github.com/pkg/errors v0.9.1 h1:FEBLx1zS214owpjy7qsBeixbURkuhQAwrK5UwLGTwt4=
github.com/pkg/errors v0.9.1/go.mod h1:bwawxfHBFNV+L2hUp1rHADufV3IMtnDRdf1r5NINEl0=
github.com/pmezard/go-difflib v1.0.0 h1:4DBwDE0NGyQoBHbLQYPwSUPoCMWR5BEzIk/f1lZbAQM=
github.com/pmezard/go-difflib v1.0.0/go.mod h1:iKH77koFhYxTK1pcRnkKkqfTogsbg7gZNVY4sRDYZ/4=
github.com/sasha-s/go-deadlock v0.3.1 h1:sqv7fDNShgjcaxkO0JNcOAlr8B9+cV5Ey/OB71efZx0=
github.com/sasha-s/go-deadlock v0.3.1/go.mod h1:F73l+cr82YSh10GxyRI6qZiCgK64VaZjwesgfQ1/iLM=
github.com/stretchr/objx v0.1.0/go.mod h1:HFkY916IF+rwdDfMAkV7OtwuqBVzrE8GR6GFx+wExME=
github.com/stretchr/testify v1.3.0/go.mod h1:M5WIy9Dh21IEIfnGCwXGc5bZfKNJtfHm1UVUgZn+9EI=
github.com/stretchr/testify v1.7.0/go.mod h1:6Fq8oRcR53rry900zMqJjRRixrwX3KX962/h/Wwjteg=
github.com/stretchr/testify v1.7.1 h1:5TQK59W5E3v0r2duFAb7P95B6hEeOyEnHRa8MjYSMTY=
github.com/stretchr/testify v1.7.1/go.mod h1:6Fq8oRcR53rry900zMqJjRRixrwX3KX962/h/Wwjteg=
go.dedis.ch/fixbuf v1.0.3 h1:hGcV9Cd/znUxlusJ64eAlExS+5cJDIyTyEG+otu5wQs=
go.dedis.ch/fixbuf v1.0.3/go.mod h1:yzJMt34Wa5xD37V5RTdmp38cz3QhMagdGoem9anUalw=
go.dedis.ch/kyber/v3 v3.0.4/go.mod h1:OzvaEnPvKlyrWyp3kGXlFdp7ap1VC6RkZDTaPikqhsQ=
go.dedis.ch/kyber/v3 v3.0.9/go.mod h1:rhNjUUg6ahf8HEg5HUvVBYoWY4boAafX8tYxX+PS+qg=
go.dedis.ch/kyber/v3 v3.0.13 h1:s5Lm8p2/CsTMueQHCN24gPpZ4couBBeKU7r2Yl6r32o=
go.dedis.ch/kyber/v3 v3.0.13/go.mod h1:kXy7p3STAurkADD+/aZcsznZGKVHEqbtmdIzvPfrs1U=
go.dedis.ch/protobuf v1.0.5/go.mod h1:eIV4wicvi6JK0q/QnfIEGeSFNG0ZeB24kzut5+HaRLo=
go.dedis.ch/protobuf v1.0.7/go.mod h1:pv5ysfkDX/EawiPqcW3ikOxsL5t+BqnV6xHSmE79KI4=
go.dedis.ch/protobuf v1.0.11 h1:FTYVIEzY/bfl37lu3pR4lIj+F9Vp1jE8oh91VmxKgLo=
go.dedis.ch/protobuf v1.0.11/go.mod h1:97QR256dnkimeNdfmURz0wAMNVbd1VmLXhG1CrTYrJ4=
go.uber.org/atomic v1.9.0 h1:ECmE8Bn/WFTYwEW/bpKD3M8VtR/zQVbavAoalC1PYyE=
go.uber.org/atomic v1.9.0/go.mod h1:fEN4uk6kAWBTFdckzkM89CLk9XfWZrxpCo0nPH17wJc=
golang.org/x/crypto v0.0.0-20190123085648-057139ce5d2b/go.mod h1:6SG95UA2DQfeDnfUPMdvaQW0Q7yPrPDi9nlGo2tz2b4=
golang.org/x/crypto v0.0.0-20220411220226-7b82a4e95df4 h1:kUhD7nTDoI3fVd9G4ORWrbV5NY0liEs/Jg2pv5f+bBA=
golang.org/x/crypto v0.0.0-20220411220226-7b82a4e95df4/go.mod h1:IxCIyHEi3zRg3s0A5j5BB6A9Jmi73HwBIUl50j+osU4=
golang.org/x/sys v0.0.0-20190124100055-b90733256f2e/go.mod h1:STP8DvDyc/dI5b8T5hshtkjS+E42TnysNCUPdjciGhY=
golang.org/x/sys v0.0.0-20210909193231-528a39cd75f3 h1:3Ad41xy2WCESpufXwgs7NpDSu+vjxqLt2UFqUV+20bI=
golang.org/x/sys v0.0.0-20210909193231-528a39cd75f3/go.mod h1:oPkhp1MJrh7nUepCBck5+mAzfO9JrbApNNgaTdGDITg=
golang.org/x/term v0.0.0-20220411215600-e5f449aeb171 h1:EH1Deb8WZJ0xc0WK//leUHXcX9aLE5SymusoTmMZye8=
golang.org/x/term v0.0.0-20220411215600-e5f449aeb171/go.mod h1:jbD1KX2456YbFQfuXm/mYQcufACuNUgVhRMnK/tPxf8=
golang.org/x/xerrors v0.0.0-20220411194840-2f41105eb62f h1:GGU+dLjvlC3qDwqYgL6UgRmHXhOOgns0bZu2Ty5mm6U=
golang.org/x/xerrors v0.0.0-20220411194840-2f41105eb62f/go.mod h1:I/5z698sn9Ka8TeJc9MKroUUfqBBauWjQqLJ2OPfmY0=
gopkg.in/check.v1 v0.0.0-20161208181325-20d25e280405 h1:yhCVgyC4o1eVCa2tZl7eS0r+SDo693bJlVdllGtEeKM=
gopkg.in/check.v1 v0.0.0-20161208181325-20d25e280405/go.mod h1:Co6ibVJAznAaIkqp8huTwlJQCZ016jof/cbN4VW5Yz0=
gopkg.in/yaml.v3 v3.0.0-20200313102051-9f266ea9e77c/go.mod h1:K4uyk7z7BCEPqu6E+C64Yfv1cQ7kz7rIZviUmN+EgEM=
gopkg.in/yaml.v3 v3.0.0-20210107192922-496545a6307b h1:h8qDotaEPuJATrMmW04NCwg7v22aHH28wwpauUhK9Oo=
gopkg.in/yaml.v3 v3.0.0-20210107192922-496545a6307b/go.mod h1:K4uyk7z7BCEPqu6E+C64Yfv1cQ7kz7rIZviUmN+EgEM=
